
Microsoft Visual Studio Solution File, Format Version 12.00
# Visual Studio Version 16
VisualStudioVersion = 16.0.31205.134
MinimumVisualStudioVersion = 10.0.40219.1
Project("{9A19103F-16F7-4668-BE54-9A1E7A4F7556}") = "VaccineNotifierApp", "VaccineNotifierApp\VaccineNotifierApp.csproj", "{0898176A-C24D-46B4-885E-B8A093A47501}"
EndProject
Project("{9A19103F-16F7-4668-BE54-9A1E7A4F7556}") = "VaccineNotifierApp.Data", "VaccineNotifierApp.Data\VaccineNotifierApp.Data.csproj", "{3DD48F3C-3B39-4A0D-809A-4EA8F5937AF8}"
EndProject
Project("{FAE04EC0-301F-11D3-BF4B-00C04F79EFBC}") = "VaccineNotifierApp.Infrastructure", "VaccineNotifierApp.Infrastructure\VaccineNotifierApp.Infrastructure.csproj", "{E1280503-81E0-4256-8EF7-A36E780F4D6E}"
EndProject
Global
	GlobalSection(SolutionConfigurationPlatforms) = preSolution
		Debug|Any CPU = Debug|Any CPU
		Release|Any CPU = Release|Any CPU
	EndGlobalSection
	GlobalSection(ProjectConfigurationPlatforms) = postSolution
		{0898176A-C24D-46B4-885E-B8A093A47501}.Debug|Any CPU.ActiveCfg = Debug|Any CPU
		{0898176A-C24D-46B4-885E-B8A093A47501}.Debug|Any CPU.Build.0 = Debug|Any CPU
		{0898176A-C24D-46B4-885E-B8A093A47501}.Release|Any CPU.ActiveCfg = Release|Any CPU
		{0898176A-C24D-46B4-885E-B8A093A47501}.Release|Any CPU.Build.0 = Release|Any CPU
		{3DD48F3C-3B39-4A0D-809A-4EA8F5937AF8}.Debug|Any CPU.ActiveCfg = Debug|Any CPU
		{3DD48F3C-3B39-4A0D-809A-4EA8F5937AF8}.Debug|Any CPU.Build.0 = Debug|Any CPU
		{3DD48F3C-3B39-4A0D-809A-4EA8F5937AF8}.Release|Any CPU.ActiveCfg = Release|Any CPU
		{3DD48F3C-3B39-4A0D-809A-4EA8F5937AF8}.Release|Any CPU.Build.0 = Release|Any CPU
		{E1280503-81E0-4256-8EF7-A36E780F4D6E}.Debug|Any CPU.ActiveCfg = Debug|Any CPU
		{E1280503-81E0-4256-8EF7-A36E780F4D6E}.Debug|Any CPU.Build.0 = Debug|Any CPU
		{E1280503-81E0-4256-8EF7-A36E780F4D6E}.Release|Any CPU.ActiveCfg = Release|Any CPU
		{E1280503-81E0-4256-8EF7-A36E780F4D6E}.Release|Any CPU.Build.0 = Release|Any CPU
	EndGlobalSection
	GlobalSection(SolutionProperties) = preSolution
		HideSolutionNode = FALSE
	EndGlobalSection
	GlobalSection(ExtensibilityGlobals) = postSolution
		SolutionGuid = {5E133DC4-22C0-4114-A3DE-AB9B591E4B10}
	EndGlobalSection
EndGlobal
